
Microsoft Visual Studio Solution File, Format Version 12.00
# Visual Studio 15
VisualStudioVersion = 15.0.26430.16
MinimumVisualStudioVersion = 10.0.40219.1
Project("{FAE04EC0-301F-11D3-BF4B-00C04F79EFBC}") = "OrderingSystem", "OrderingSystem\OrderingSystem.csproj", "{07B70198-1B2D-415B-8798-782DAC65BE64}"
EndProject
Project("{FAE04EC0-301F-11D3-BF4B-00C04F79EFBC}") = "OrderingSystem.Tests", "OrderingSystem.Tests\OrderingSystem.Tests.csproj", "{86288E98-F274-49C2-85E9-67B7D7AFC0B8}"
EndProject
Global
	GlobalSection(SolutionConfigurationPlatforms) = preSolution
		Debug|Any CPU = Debug|Any CPU
		Release|Any CPU = Release|Any CPU
	EndGlobalSection
	GlobalSection(ProjectConfigurationPlatforms) = postSolution
		{07B70198-1B2D-415B-8798-782DAC65BE64}.Debug|Any CPU.ActiveCfg = Debug|Any CPU
		{07B70198-1B2D-415B-8798-782DAC65BE64}.Debug|Any CPU.Build.0 = Debug|Any CPU
		{07B70198-1B2D-415B-8798-782DAC65BE64}.Release|Any CPU.ActiveCfg = Release|Any CPU
		{07B70198-1B2D-415B-8798-782DAC65BE64}.Release|Any CPU.Build.0 = Release|Any CPU
		{86288E98-F274-49C2-85E9-67B7D7AFC0B8}.Debug|Any CPU.ActiveCfg = Debug|Any CPU
		{86288E98-F274-49C2-85E9-67B7D7AFC0B8}.Debug|Any CPU.Build.0 = Debug|Any CPU
		{86288E98-F274-49C2-85E9-67B7D7AFC0B8}.Release|Any CPU.ActiveCfg = Release|Any CPU
		{86288E98-F274-49C2-85E9-67B7D7AFC0B8}.Release|Any CPU.Build.0 = Release|Any CPU
	EndGlobalSection
	GlobalSection(SolutionProperties) = preSolution
		HideSolutionNode = FALSE
	EndGlobalSection
EndGlobal
